// !$*UTF8*$!
{
	archiveVersion = 1;
	classes = {
	};
	objectVersion = 55;
	objects = {

/* Begin PBXBuildFile section */
		1023CE2027C52CEE00520160 /* GoogleService-Info.plist in Resources */ = {isa = PBXBuildFile; fileRef = 1023CE1F27C52CEE00520160 /* GoogleService-Info.plist */; };
		1023CE2327C52D9700520160 /* FirebaseAuth in Frameworks */ = {isa = PBXBuildFile; productRef = 1023CE2227C52D9700520160 /* FirebaseAuth */; };
		1023CE2527C52D9700520160 /* FirebaseFirestore in Frameworks */ = {isa = PBXBuildFile; productRef = 1023CE2427C52D9700520160 /* FirebaseFirestore */; };
		1023CE2727C52D9700520160 /* FirebaseFirestoreSwift-Beta in Frameworks */ = {isa = PBXBuildFile; productRef = 1023CE2627C52D9700520160 /* FirebaseFirestoreSwift-Beta */; };
		1063CE3C27CE6BB2000E6A87 /* ListStockView.swift in Sources */ = {isa = PBXBuildFile; fileRef = 1063CE3B27CE6BB2000E6A87 /* ListStockView.swift */; };
		1063CE3E27CE6BD2000E6A87 /* StockFormView.swift in Sources */ = {isa = PBXBuildFile; fileRef = 1063CE3D27CE6BD2000E6A87 /* StockFormView.swift */; };
		1063CE4027CE6BEA000E6A87 /* StockView.swift in Sources */ = {isa = PBXBuildFile; fileRef = 1063CE3F27CE6BEA000E6A87 /* StockView.swift */; };
		1063CE4227CE7880000E6A87 /* IngredientIntent.swift in Sources */ = {isa = PBXBuildFile; fileRef = 1063CE4127CE7880000E6A87 /* IngredientIntent.swift */; };
		109C756227D229EE00C62F76 /* CategorieHomeView.swift in Sources */ = {isa = PBXBuildFile; fileRef = 109C756127D229EE00C62F76 /* CategorieHomeView.swift */; };
		109C756627D2339000C62F76 /* IngredientCategorieView.swift in Sources */ = {isa = PBXBuildFile; fileRef = 109C756527D2339000C62F76 /* IngredientCategorieView.swift */; };
		10D57C2627D2528A00BC39E1 /* Extension.swift in Sources */ = {isa = PBXBuildFile; fileRef = 10D57C2527D2528A00BC39E1 /* Extension.swift */; };
		10D57C2827D2568000BC39E1 /* VenteView.swift in Sources */ = {isa = PBXBuildFile; fileRef = 10D57C2727D2568000BC39E1 /* VenteView.swift */; };
		10F5E0BC27D135C60075B87E /* ModificationIngredientView.swift in Sources */ = {isa = PBXBuildFile; fileRef = 10F5E0BB27D135C60075B87E /* ModificationIngredientView.swift */; };
		10FE0A8E27CE64EB00E8CC3A /* ListAllergene.swift in Sources */ = {isa = PBXBuildFile; fileRef = 10FE0A8D27CE64EB00E8CC3A /* ListAllergene.swift */; };
		10FE0A9027CE650700E8CC3A /* ListIngredient.swift in Sources */ = {isa = PBXBuildFile; fileRef = 10FE0A8F27CE650700E8CC3A /* ListIngredient.swift */; };
		10FE0A9227CE652900E8CC3A /* ListStock.swift in Sources */ = {isa = PBXBuildFile; fileRef = 10FE0A9127CE652900E8CC3A /* ListStock.swift */; };
		10FE0A9427CE656900E8CC3A /* StockIntent.swift in Sources */ = {isa = PBXBuildFile; fileRef = 10FE0A9327CE656900E8CC3A /* StockIntent.swift */; };
		10FE0A9B27CE663C00E8CC3A /* AllergeneFormView.swift in Sources */ = {isa = PBXBuildFile; fileRef = 10FE0A9A27CE663C00E8CC3A /* AllergeneFormView.swift */; };
		10FE0A9D27CE665600E8CC3A /* IngredientFormView.swift in Sources */ = {isa = PBXBuildFile; fileRef = 10FE0A9C27CE665600E8CC3A /* IngredientFormView.swift */; };
		10FE0A9F27CE667300E8CC3A /* IngredientView.swift in Sources */ = {isa = PBXBuildFile; fileRef = 10FE0A9E27CE667300E8CC3A /* IngredientView.swift */; };
		10FE0AA127CE66AD00E8CC3A /* ListAllergeneView.swift in Sources */ = {isa = PBXBuildFile; fileRef = 10FE0AA027CE66AD00E8CC3A /* ListAllergeneView.swift */; };
		10FE0AA327CE66D200E8CC3A /* ListIngredientView.swift in Sources */ = {isa = PBXBuildFile; fileRef = 10FE0AA227CE66D200E8CC3A /* ListIngredientView.swift */; };
		10FE0AA927CE678A00E8CC3A /* ListAllergeneViewModel.swift in Sources */ = {isa = PBXBuildFile; fileRef = 10FE0AA827CE678A00E8CC3A /* ListAllergeneViewModel.swift */; };
		10FE0AAB27CE67B200E8CC3A /* ListStockViewModel.swift in Sources */ = {isa = PBXBuildFile; fileRef = 10FE0AAA27CE67B200E8CC3A /* ListStockViewModel.swift */; };
		10FE0AAD27CE67DD00E8CC3A /* ListeIngredientViewModel.swift in Sources */ = {isa = PBXBuildFile; fileRef = 10FE0AAC27CE67DD00E8CC3A /* ListeIngredientViewModel.swift */; };
		6F5E390627C4CCD9005C5171 /* RecetteApp.swift in Sources */ = {isa = PBXBuildFile; fileRef = 6F5E390527C4CCD9005C5171 /* RecetteApp.swift */; };
		6F5E390827C4CCD9005C5171 /* ContentView.swift in Sources */ = {isa = PBXBuildFile; fileRef = 6F5E390727C4CCD9005C5171 /* ContentView.swift */; };
		6F5E390A27C4CCDA005C5171 /* Assets.xcassets in Resources */ = {isa = PBXBuildFile; fileRef = 6F5E390927C4CCDA005C5171 /* Assets.xcassets */; };
		6F5E390D27C4CCDA005C5171 /* Preview Assets.xcassets in Resources */ = {isa = PBXBuildFile; fileRef = 6F5E390C27C4CCDA005C5171 /* Preview Assets.xcassets */; };
		6F5E391727C4CCDA005C5171 /* RecetteTests.swift in Sources */ = {isa = PBXBuildFile; fileRef = 6F5E391627C4CCDA005C5171 /* RecetteTests.swift */; };
		6F5E392127C4CCDA005C5171 /* RecetteUITests.swift in Sources */ = {isa = PBXBuildFile; fileRef = 6F5E392027C4CCDA005C5171 /* RecetteUITests.swift */; };
		6F5E392327C4CCDA005C5171 /* RecetteUITestsLaunchTests.swift in Sources */ = {isa = PBXBuildFile; fileRef = 6F5E392227C4CCDA005C5171 /* RecetteUITestsLaunchTests.swift */; };
		6F5E393327C4CD6C005C5171 /* Ingredient.swift in Sources */ = {isa = PBXBuildFile; fileRef = 6F5E393227C4CD6C005C5171 /* Ingredient.swift */; };
		6F5E393527C4CD75005C5171 /* Fiche.swift in Sources */ = {isa = PBXBuildFile; fileRef = 6F5E393427C4CD75005C5171 /* Fiche.swift */; };
		6F5E393727C4CD81005C5171 /* Allergene.swift in Sources */ = {isa = PBXBuildFile; fileRef = 6F5E393627C4CD81005C5171 /* Allergene.swift */; };
		6F5E393927C4CD8C005C5171 /* Stock.swift in Sources */ = {isa = PBXBuildFile; fileRef = 6F5E393827C4CD8C005C5171 /* Stock.swift */; };
		6F5E393B27C4CD9C005C5171 /* CategorieRecette.swift in Sources */ = {isa = PBXBuildFile; fileRef = 6F5E393A27C4CD9C005C5171 /* CategorieRecette.swift */; };
		6F5E393D27C4CDA9005C5171 /* CategorieIngredient.swift in Sources */ = {isa = PBXBuildFile; fileRef = 6F5E393C27C4CDA9005C5171 /* CategorieIngredient.swift */; };
		6F5E394327C4CDD8005C5171 /* DetailFicheView.swift in Sources */ = {isa = PBXBuildFile; fileRef = 6F5E394227C4CDD8005C5171 /* DetailFicheView.swift */; };
		6F5E394527C4CDE9005C5171 /* FicheViewModel.swift in Sources */ = {isa = PBXBuildFile; fileRef = 6F5E394427C4CDE9005C5171 /* FicheViewModel.swift */; };
		6F5E394727C4CDFA005C5171 /* IngredientViewModel.swift in Sources */ = {isa = PBXBuildFile; fileRef = 6F5E394627C4CDFA005C5171 /* IngredientViewModel.swift */; };
		6F5E394927C4CE06005C5171 /* StockViewModel.swift in Sources */ = {isa = PBXBuildFile; fileRef = 6F5E394827C4CE06005C5171 /* StockViewModel.swift */; };
		6F5E394B27C4E30C005C5171 /* ListFicheView.swift in Sources */ = {isa = PBXBuildFile; fileRef = 6F5E394A27C4E30C005C5171 /* ListFicheView.swift */; };
		6F5E394D27C4E33D005C5171 /* ListeFiche.swift in Sources */ = {isa = PBXBuildFile; fileRef = 6F5E394C27C4E33D005C5171 /* ListeFiche.swift */; };
		6F5E395027C4E3DC005C5171 /* ListeFicheViewModel.swift in Sources */ = {isa = PBXBuildFile; fileRef = 6F5E394F27C4E3DC005C5171 /* ListeFicheViewModel.swift */; };
		6F5E395327C4E43D005C5171 /* FicheIntent.swift in Sources */ = {isa = PBXBuildFile; fileRef = 6F5E395227C4E43D005C5171 /* FicheIntent.swift */; };
		6F5E395727C51105005C5171 /* RecetteCarte.swift in Sources */ = {isa = PBXBuildFile; fileRef = 6F5E395627C51105005C5171 /* RecetteCarte.swift */; };
		6FABFA7F27C625E600DE6F3B /* LoginView.swift in Sources */ = {isa = PBXBuildFile; fileRef = 6FABFA7E27C625E600DE6F3B /* LoginView.swift */; };
		6FABFA8127C6570200DE6F3B /* HomeView.swift in Sources */ = {isa = PBXBuildFile; fileRef = 6FABFA8027C6570200DE6F3B /* HomeView.swift */; };
		6FB47F0927CCD3570000CB42 /* BarrePlus.swift in Sources */ = {isa = PBXBuildFile; fileRef = 6FB47F0827CCD3570000CB42 /* BarrePlus.swift */; };
		8D13F78527CD1305000276F1 /* AjoutFicheView.swift in Sources */ = {isa = PBXBuildFile; fileRef = 8D13F78427CD1305000276F1 /* AjoutFicheView.swift */; };
		8D91591D27CE2161006D62A6 /* FicheDTO.swift in Sources */ = {isa = PBXBuildFile; fileRef = 8D91591C27CE2160006D62A6 /* FicheDTO.swift */; };
		8DE33E6727D0384800AE4C74 /* LoginViewModel.swift in Sources */ = {isa = PBXBuildFile; fileRef = 8DE33E6627D0384800AE4C74 /* LoginViewModel.swift */; };
		8DF9603527CEEAD00042E9DB /* ModificationFicheView.swift in Sources */ = {isa = PBXBuildFile; fileRef = 8DF9603427CEEAD00042E9DB /* ModificationFicheView.swift */; };
/* End PBXBuildFile section */

/* Begin PBXContainerItemProxy section */
		6F5E391327C4CCDA005C5171 /* PBXContainerItemProxy */ = {
			isa = PBXContainerItemProxy;
			containerPortal = 6F5E38FA27C4CCD9005C5171 /* Project object */;
			proxyType = 1;
			remoteGlobalIDString = 6F5E390127C4CCD9005C5171;
			remoteInfo = Recette;
		};
		6F5E391D27C4CCDA005C5171 /* PBXContainerItemProxy */ = {
			isa = PBXContainerItemProxy;
			containerPortal = 6F5E38FA27C4CCD9005C5171 /* Project object */;
			proxyType = 1;
			remoteGlobalIDString = 6F5E390127C4CCD9005C5171;
			remoteInfo = Recette;
		};
/* End PBXContainerItemProxy section */

/* Begin PBXFileReference section */
		1023CE1F27C52CEE00520160 /* GoogleService-Info.plist */ = {isa = PBXFileReference; fileEncoding = 4; lastKnownFileType = text.plist.xml; path = "GoogleService-Info.plist"; sourceTree = "<group>"; };
		1063CE3B27CE6BB2000E6A87 /* ListStockView.swift */ = {isa = PBXFileReference; lastKnownFileType = sourcecode.swift; path = ListStockView.swift; sourceTree = "<group>"; };
		1063CE3D27CE6BD2000E6A87 /* StockFormView.swift */ = {isa = PBXFileReference; lastKnownFileType = sourcecode.swift; path = StockFormView.swift; sourceTree = "<group>"; };
		1063CE3F27CE6BEA000E6A87 /* StockView.swift */ = {isa = PBXFileReference; lastKnownFileType = sourcecode.swift; path = StockView.swift; sourceTree = "<group>"; };
		1063CE4127CE7880000E6A87 /* IngredientIntent.swift */ = {isa = PBXFileReference; lastKnownFileType = sourcecode.swift; path = IngredientIntent.swift; sourceTree = "<group>"; };
		109C756127D229EE00C62F76 /* CategorieHomeView.swift */ = {isa = PBXFileReference; lastKnownFileType = sourcecode.swift; path = CategorieHomeView.swift; sourceTree = "<group>"; };
		109C756527D2339000C62F76 /* IngredientCategorieView.swift */ = {isa = PBXFileReference; lastKnownFileType = sourcecode.swift; path = IngredientCategorieView.swift; sourceTree = "<group>"; };
		10D57C2527D2528A00BC39E1 /* Extension.swift */ = {isa = PBXFileReference; lastKnownFileType = sourcecode.swift; path = Extension.swift; sourceTree = "<group>"; };
		10D57C2727D2568000BC39E1 /* VenteView.swift */ = {isa = PBXFileReference; lastKnownFileType = sourcecode.swift; path = VenteView.swift; sourceTree = "<group>"; };
		10F5E0BB27D135C60075B87E /* ModificationIngredientView.swift */ = {isa = PBXFileReference; lastKnownFileType = sourcecode.swift; path = ModificationIngredientView.swift; sourceTree = "<group>"; };
		10FE0A8D27CE64EB00E8CC3A /* ListAllergene.swift */ = {isa = PBXFileReference; lastKnownFileType = sourcecode.swift; path = ListAllergene.swift; sourceTree = "<group>"; };
		10FE0A8F27CE650700E8CC3A /* ListIngredient.swift */ = {isa = PBXFileReference; lastKnownFileType = sourcecode.swift; path = ListIngredient.swift; sourceTree = "<group>"; };
		10FE0A9127CE652900E8CC3A /* ListStock.swift */ = {isa = PBXFileReference; lastKnownFileType = sourcecode.swift; path = ListStock.swift; sourceTree = "<group>"; };
		10FE0A9327CE656900E8CC3A /* StockIntent.swift */ = {isa = PBXFileReference; lastKnownFileType = sourcecode.swift; path = StockIntent.swift; sourceTree = "<group>"; };
		10FE0A9A27CE663C00E8CC3A /* AllergeneFormView.swift */ = {isa = PBXFileReference; lastKnownFileType = sourcecode.swift; path = AllergeneFormView.swift; sourceTree = "<group>"; };
		10FE0A9C27CE665600E8CC3A /* IngredientFormView.swift */ = {isa = PBXFileReference; lastKnownFileType = sourcecode.swift; path = IngredientFormView.swift; sourceTree = "<group>"; };
		10FE0A9E27CE667300E8CC3A /* IngredientView.swift */ = {isa = PBXFileReference; lastKnownFileType = sourcecode.swift; path = IngredientView.swift; sourceTree = "<group>"; };
		10FE0AA027CE66AD00E8CC3A /* ListAllergeneView.swift */ = {isa = PBXFileReference; lastKnownFileType = sourcecode.swift; path = ListAllergeneView.swift; sourceTree = "<group>"; };
		10FE0AA227CE66D200E8CC3A /* ListIngredientView.swift */ = {isa = PBXFileReference; lastKnownFileType = sourcecode.swift; path = ListIngredientView.swift; sourceTree = "<group>"; };
		10FE0AA827CE678A00E8CC3A /* ListAllergeneViewModel.swift */ = {isa = PBXFileReference; lastKnownFileType = sourcecode.swift; path = ListAllergeneViewModel.swift; sourceTree = "<group>"; };
		10FE0AAA27CE67B200E8CC3A /* ListStockViewModel.swift */ = {isa = PBXFileReference; lastKnownFileType = sourcecode.swift; path = ListStockViewModel.swift; sourceTree = "<group>"; };
		10FE0AAC27CE67DD00E8CC3A /* ListeIngredientViewModel.swift */ = {isa = PBXFileReference; lastKnownFileType = sourcecode.swift; path = ListeIngredientViewModel.swift; sourceTree = "<group>"; };
		6F5E390227C4CCD9005C5171 /* Recette.app */ = {isa = PBXFileReference; explicitFileType = wrapper.application; includeInIndex = 0; path = Recette.app; sourceTree = BUILT_PRODUCTS_DIR; };
		6F5E390527C4CCD9005C5171 /* RecetteApp.swift */ = {isa = PBXFileReference; lastKnownFileType = sourcecode.swift; path = RecetteApp.swift; sourceTree = "<group>"; };
		6F5E390727C4CCD9005C5171 /* ContentView.swift */ = {isa = PBXFileReference; lastKnownFileType = sourcecode.swift; path = ContentView.swift; sourceTree = "<group>"; };
		6F5E390927C4CCDA005C5171 /* Assets.xcassets */ = {isa = PBXFileReference; lastKnownFileType = folder.assetcatalog; path = Assets.xcassets; sourceTree = "<group>"; };
		6F5E390C27C4CCDA005C5171 /* Preview Assets.xcassets */ = {isa = PBXFileReference; lastKnownFileType = folder.assetcatalog; path = "Preview Assets.xcassets"; sourceTree = "<group>"; };
		6F5E391227C4CCDA005C5171 /* RecetteTests.xctest */ = {isa = PBXFileReference; explicitFileType = wrapper.cfbundle; includeInIndex = 0; path = RecetteTests.xctest; sourceTree = BUILT_PRODUCTS_DIR; };
		6F5E391627C4CCDA005C5171 /* RecetteTests.swift */ = {isa = PBXFileReference; lastKnownFileType = sourcecode.swift; path = RecetteTests.swift; sourceTree = "<group>"; };
		6F5E391C27C4CCDA005C5171 /* RecetteUITests.xctest */ = {isa = PBXFileReference; explicitFileType = wrapper.cfbundle; includeInIndex = 0; path = RecetteUITests.xctest; sourceTree = BUILT_PRODUCTS_DIR; };
		6F5E392027C4CCDA005C5171 /* RecetteUITests.swift */ = {isa = PBXFileReference; lastKnownFileType = sourcecode.swift; path = RecetteUITests.swift; sourceTree = "<group>"; };
		6F5E392227C4CCDA005C5171 /* RecetteUITestsLaunchTests.swift */ = {isa = PBXFileReference; lastKnownFileType = sourcecode.swift; path = RecetteUITestsLaunchTests.swift; sourceTree = "<group>"; };
		6F5E393227C4CD6C005C5171 /* Ingredient.swift */ = {isa = PBXFileReference; lastKnownFileType = sourcecode.swift; path = Ingredient.swift; sourceTree = "<group>"; };
		6F5E393427C4CD75005C5171 /* Fiche.swift */ = {isa = PBXFileReference; lastKnownFileType = sourcecode.swift; path = Fiche.swift; sourceTree = "<group>"; };
		6F5E393627C4CD81005C5171 /* Allergene.swift */ = {isa = PBXFileReference; lastKnownFileType = sourcecode.swift; path = Allergene.swift; sourceTree = "<group>"; };
		6F5E393827C4CD8C005C5171 /* Stock.swift */ = {isa = PBXFileReference; lastKnownFileType = sourcecode.swift; path = Stock.swift; sourceTree = "<group>"; };
		6F5E393A27C4CD9C005C5171 /* CategorieRecette.swift */ = {isa = PBXFileReference; lastKnownFileType = sourcecode.swift; path = CategorieRecette.swift; sourceTree = "<group>"; };
		6F5E393C27C4CDA9005C5171 /* CategorieIngredient.swift */ = {isa = PBXFileReference; lastKnownFileType = sourcecode.swift; path = CategorieIngredient.swift; sourceTree = "<group>"; };
		6F5E394227C4CDD8005C5171 /* DetailFicheView.swift */ = {isa = PBXFileReference; lastKnownFileType = sourcecode.swift; path = DetailFicheView.swift; sourceTree = "<group>"; };
		6F5E394427C4CDE9005C5171 /* FicheViewModel.swift */ = {isa = PBXFileReference; lastKnownFileType = sourcecode.swift; path = FicheViewModel.swift; sourceTree = "<group>"; };
		6F5E394627C4CDFA005C5171 /* IngredientViewModel.swift */ = {isa = PBXFileReference; lastKnownFileType = sourcecode.swift; path = IngredientViewModel.swift; sourceTree = "<group>"; };
		6F5E394827C4CE06005C5171 /* StockViewModel.swift */ = {isa = PBXFileReference; lastKnownFileType = sourcecode.swift; path = StockViewModel.swift; sourceTree = "<group>"; };
		6F5E394A27C4E30C005C5171 /* ListFicheView.swift */ = {isa = PBXFileReference; lastKnownFileType = sourcecode.swift; path = ListFicheView.swift; sourceTree = "<group>"; };
		6F5E394C27C4E33D005C5171 /* ListeFiche.swift */ = {isa = PBXFileReference; lastKnownFileType = sourcecode.swift; path = ListeFiche.swift; sourceTree = "<group>"; };
		6F5E394F27C4E3DC005C5171 /* ListeFicheViewModel.swift */ = {isa = PBXFileReference; lastKnownFileType = sourcecode.swift; path = ListeFicheViewModel.swift; sourceTree = "<group>"; };
		6F5E395227C4E43D005C5171 /* FicheIntent.swift */ = {isa = PBXFileReference; lastKnownFileType = sourcecode.swift; path = FicheIntent.swift; sourceTree = "<group>"; };
		6F5E395627C51105005C5171 /* RecetteCarte.swift */ = {isa = PBXFileReference; lastKnownFileType = sourcecode.swift; path = RecetteCarte.swift; sourceTree = "<group>"; };
		6FABFA7E27C625E600DE6F3B /* LoginView.swift */ = {isa = PBXFileReference; lastKnownFileType = sourcecode.swift; path = LoginView.swift; sourceTree = "<group>"; };
		6FABFA8027C6570200DE6F3B /* HomeView.swift */ = {isa = PBXFileReference; lastKnownFileType = sourcecode.swift; path = HomeView.swift; sourceTree = "<group>"; };
		6FB47F0827CCD3570000CB42 /* BarrePlus.swift */ = {isa = PBXFileReference; lastKnownFileType = sourcecode.swift; path = BarrePlus.swift; sourceTree = "<group>"; };
		8D13F78427CD1305000276F1 /* AjoutFicheView.swift */ = {isa = PBXFileReference; lastKnownFileType = sourcecode.swift; path = AjoutFicheView.swift; sourceTree = "<group>"; };
		8D91591C27CE2160006D62A6 /* FicheDTO.swift */ = {isa = PBXFileReference; lastKnownFileType = sourcecode.swift; path = FicheDTO.swift; sourceTree = "<group>"; };
		8DE33E6627D0384800AE4C74 /* LoginViewModel.swift */ = {isa = PBXFileReference; lastKnownFileType = sourcecode.swift; path = LoginViewModel.swift; sourceTree = "<group>"; };
		8DF9603427CEEAD00042E9DB /* ModificationFicheView.swift */ = {isa = PBXFileReference; lastKnownFileType = sourcecode.swift; path = ModificationFicheView.swift; sourceTree = "<group>"; };
/* End PBXFileReference section */

/* Begin PBXFrameworksBuildPhase section */
		6F5E38FF27C4CCD9005C5171 /* Frameworks */ = {
			isa = PBXFrameworksBuildPhase;
			buildActionMask = 2147483647;
			files = (
				1023CE2727C52D9700520160 /* FirebaseFirestoreSwift-Beta in Frameworks */,
				1023CE2327C52D9700520160 /* FirebaseAuth in Frameworks */,
				1023CE2527C52D9700520160 /* FirebaseFirestore in Frameworks */,
			);
			runOnlyForDeploymentPostprocessing = 0;
		};
		6F5E390F27C4CCDA005C5171 /* Frameworks */ = {
			isa = PBXFrameworksBuildPhase;
			buildActionMask = 2147483647;
			files = (
			);
			runOnlyForDeploymentPostprocessing = 0;
		};
		6F5E391927C4CCDA005C5171 /* Frameworks */ = {
			isa = PBXFrameworksBuildPhase;
			buildActionMask = 2147483647;
			files = (
			);
			runOnlyForDeploymentPostprocessing = 0;
		};
/* End PBXFrameworksBuildPhase section */

/* Begin PBXGroup section */
		1063CE3A27CE6B93000E6A87 /* Stock */ = {
			isa = PBXGroup;
			children = (
				1063CE3B27CE6BB2000E6A87 /* ListStockView.swift */,
				1063CE3D27CE6BD2000E6A87 /* StockFormView.swift */,
				1063CE3F27CE6BEA000E6A87 /* StockView.swift */,
			);
			path = Stock;
			sourceTree = "<group>";
		};
		10FE0A9727CE65CB00E8CC3A /* Ingredient */ = {
			isa = PBXGroup;
			children = (
				10FE0A9C27CE665600E8CC3A /* IngredientFormView.swift */,
				10FE0AA227CE66D200E8CC3A /* ListIngredientView.swift */,
				10FE0A9E27CE667300E8CC3A /* IngredientView.swift */,
				10F5E0BB27D135C60075B87E /* ModificationIngredientView.swift */,
				109C756127D229EE00C62F76 /* CategorieHomeView.swift */,
				109C756527D2339000C62F76 /* IngredientCategorieView.swift */,
			);
			path = Ingredient;
			sourceTree = "<group>";
		};
		10FE0A9927CE65F600E8CC3A /* Allergene */ = {
			isa = PBXGroup;
			children = (
				10FE0A9A27CE663C00E8CC3A /* AllergeneFormView.swift */,
				10FE0AA027CE66AD00E8CC3A /* ListAllergeneView.swift */,
			);
			path = Allergene;
			sourceTree = "<group>";
		};
		6F5E38F927C4CCD9005C5171 = {
			isa = PBXGroup;
			children = (
				6F5E390427C4CCD9005C5171 /* Recette */,
				6F5E391527C4CCDA005C5171 /* RecetteTests */,
				6F5E391F27C4CCDA005C5171 /* RecetteUITests */,
				6F5E390327C4CCD9005C5171 /* Products */,
			);
			sourceTree = "<group>";
		};
		6F5E390327C4CCD9005C5171 /* Products */ = {
			isa = PBXGroup;
			children = (
				6F5E390227C4CCD9005C5171 /* Recette.app */,
				6F5E391227C4CCDA005C5171 /* RecetteTests.xctest */,
				6F5E391C27C4CCDA005C5171 /* RecetteUITests.xctest */,
			);
			name = Products;
			sourceTree = "<group>";
		};
		6F5E390427C4CCD9005C5171 /* Recette */ = {
			isa = PBXGroup;
			children = (
				8D91591B27CE214D006D62A6 /* DTO */,
				1023CE1F27C52CEE00520160 /* GoogleService-Info.plist */,
				6F5E395127C4E42B005C5171 /* Intent */,
				6F5E393127C4CD45005C5171 /* Model */,
				6F5E393027C4CD38005C5171 /* View */,
				6F5E392F27C4CD2F005C5171 /* ViewModel */,
				6F5E390527C4CCD9005C5171 /* RecetteApp.swift */,
				6F5E390927C4CCDA005C5171 /* Assets.xcassets */,
				6F5E390B27C4CCDA005C5171 /* Preview Content */,
			);
			path = Recette;
			sourceTree = "<group>";
		};
		6F5E390B27C4CCDA005C5171 /* Preview Content */ = {
			isa = PBXGroup;
			children = (
				6F5E390C27C4CCDA005C5171 /* Preview Assets.xcassets */,
			);
			path = "Preview Content";
			sourceTree = "<group>";
		};
		6F5E391527C4CCDA005C5171 /* RecetteTests */ = {
			isa = PBXGroup;
			children = (
				6F5E391627C4CCDA005C5171 /* RecetteTests.swift */,
			);
			path = RecetteTests;
			sourceTree = "<group>";
		};
		6F5E391F27C4CCDA005C5171 /* RecetteUITests */ = {
			isa = PBXGroup;
			children = (
				6F5E392027C4CCDA005C5171 /* RecetteUITests.swift */,
				6F5E392227C4CCDA005C5171 /* RecetteUITestsLaunchTests.swift */,
			);
			path = RecetteUITests;
			sourceTree = "<group>";
		};
		6F5E392F27C4CD2F005C5171 /* ViewModel */ = {
			isa = PBXGroup;
			children = (
				6F5E394427C4CDE9005C5171 /* FicheViewModel.swift */,
				6F5E394627C4CDFA005C5171 /* IngredientViewModel.swift */,
				6F5E394827C4CE06005C5171 /* StockViewModel.swift */,
				6F5E394F27C4E3DC005C5171 /* ListeFicheViewModel.swift */,
				10FE0AA827CE678A00E8CC3A /* ListAllergeneViewModel.swift */,
				10FE0AAA27CE67B200E8CC3A /* ListStockViewModel.swift */,
				10FE0AAC27CE67DD00E8CC3A /* ListeIngredientViewModel.swift */,
				8DE33E6627D0384800AE4C74 /* LoginViewModel.swift */,
			);
			path = ViewModel;
			sourceTree = "<group>";
		};
		6F5E393027C4CD38005C5171 /* View */ = {
			isa = PBXGroup;
			children = (
				1063CE3A27CE6B93000E6A87 /* Stock */,
				10FE0A9927CE65F600E8CC3A /* Allergene */,
				10FE0A9727CE65CB00E8CC3A /* Ingredient */,
				8D13F78327CD12DF000276F1 /* Recette */,
				8D13F78227CD10EF000276F1 /* Composants */,
				6F5E395427C510A0005C5171 /* Home */,
				10D57C2727D2568000BC39E1 /* VenteView.swift */,
			);
			path = View;
			sourceTree = "<group>";
		};
		6F5E393127C4CD45005C5171 /* Model */ = {
			isa = PBXGroup;
			children = (
				6F5E393227C4CD6C005C5171 /* Ingredient.swift */,
				6F5E393427C4CD75005C5171 /* Fiche.swift */,
				6F5E393627C4CD81005C5171 /* Allergene.swift */,
				6F5E393827C4CD8C005C5171 /* Stock.swift */,
				6F5E393A27C4CD9C005C5171 /* CategorieRecette.swift */,
				6F5E393C27C4CDA9005C5171 /* CategorieIngredient.swift */,
				6F5E394C27C4E33D005C5171 /* ListeFiche.swift */,
				10FE0A8D27CE64EB00E8CC3A /* ListAllergene.swift */,
				10FE0A8F27CE650700E8CC3A /* ListIngredient.swift */,
				10FE0A9127CE652900E8CC3A /* ListStock.swift */,
				10D57C2527D2528A00BC39E1 /* Extension.swift */,
			);
			path = Model;
			sourceTree = "<group>";
		};
		6F5E395127C4E42B005C5171 /* Intent */ = {
			isa = PBXGroup;
			children = (
				6F5E395227C4E43D005C5171 /* FicheIntent.swift */,
				10FE0A9327CE656900E8CC3A /* StockIntent.swift */,
				1063CE4127CE7880000E6A87 /* IngredientIntent.swift */,
			);
			path = Intent;
			sourceTree = "<group>";
		};
		6F5E395427C510A0005C5171 /* Home */ = {
			isa = PBXGroup;
			children = (
				6F5E390727C4CCD9005C5171 /* ContentView.swift */,
				6FABFA7E27C625E600DE6F3B /* LoginView.swift */,
				6FABFA8027C6570200DE6F3B /* HomeView.swift */,
			);
			path = Home;
			sourceTree = "<group>";
		};
		6F5E395527C510EB005C5171 /* Card */ = {
			isa = PBXGroup;
			children = (
				6F5E395627C51105005C5171 /* RecetteCarte.swift */,
			);
			path = Card;
			sourceTree = "<group>";
		};
		8D13F78227CD10EF000276F1 /* Composants */ = {
			isa = PBXGroup;
			children = (
				6FB47F0827CCD3570000CB42 /* BarrePlus.swift */,
				6F5E395527C510EB005C5171 /* Card */,
			);
			path = Composants;
			sourceTree = "<group>";
		};
		8D13F78327CD12DF000276F1 /* Recette */ = {
			isa = PBXGroup;
			children = (
				6F5E394A27C4E30C005C5171 /* ListFicheView.swift */,
				6F5E394227C4CDD8005C5171 /* DetailFicheView.swift */,
				8D13F78427CD1305000276F1 /* AjoutFicheView.swift */,
				8DF9603427CEEAD00042E9DB /* ModificationFicheView.swift */,
			);
			path = Recette;
			sourceTree = "<group>";
		};
		8D91591B27CE214D006D62A6 /* DTO */ = {
			isa = PBXGroup;
			children = (
				8D91591C27CE2160006D62A6 /* FicheDTO.swift */,
			);
			path = DTO;
			sourceTree = "<group>";
		};
/* End PBXGroup section */

/* Begin PBXNativeTarget section */
		6F5E390127C4CCD9005C5171 /* Recette */ = {
			isa = PBXNativeTarget;
			buildConfigurationList = 6F5E392627C4CCDA005C5171 /* Build configuration list for PBXNativeTarget "Recette" */;
			buildPhases = (
				6F5E38FE27C4CCD9005C5171 /* Sources */,
				6F5E38FF27C4CCD9005C5171 /* Frameworks */,
				6F5E390027C4CCD9005C5171 /* Resources */,
			);
			buildRules = (
			);
			dependencies = (
			);
			name = Recette;
			packageProductDependencies = (
				1023CE2227C52D9700520160 /* FirebaseAuth */,
				1023CE2427C52D9700520160 /* FirebaseFirestore */,
				1023CE2627C52D9700520160 /* FirebaseFirestoreSwift-Beta */,
			);
			productName = Recette;
			productReference = 6F5E390227C4CCD9005C5171 /* Recette.app */;
			productType = "com.apple.product-type.application";
		};
		6F5E391127C4CCDA005C5171 /* RecetteTests */ = {
			isa = PBXNativeTarget;
			buildConfigurationList = 6F5E392927C4CCDA005C5171 /* Build configuration list for PBXNativeTarget "RecetteTests" */;
			buildPhases = (
				6F5E390E27C4CCDA005C5171 /* Sources */,
				6F5E390F27C4CCDA005C5171 /* Frameworks */,
				6F5E391027C4CCDA005C5171 /* Resources */,
			);
			buildRules = (
			);
			dependencies = (
				6F5E391427C4CCDA005C5171 /* PBXTargetDependency */,
			);
			name = RecetteTests;
			productName = RecetteTests;
			productReference = 6F5E391227C4CCDA005C5171 /* RecetteTests.xctest */;
			productType = "com.apple.product-type.bundle.unit-test";
		};
		6F5E391B27C4CCDA005C5171 /* RecetteUITests */ = {
			isa = PBXNativeTarget;
			buildConfigurationList = 6F5E392C27C4CCDA005C5171 /* Build configuration list for PBXNativeTarget "RecetteUITests" */;
			buildPhases = (
				6F5E391827C4CCDA005C5171 /* Sources */,
				6F5E391927C4CCDA005C5171 /* Frameworks */,
				6F5E391A27C4CCDA005C5171 /* Resources */,
			);
			buildRules = (
			);
			dependencies = (
				6F5E391E27C4CCDA005C5171 /* PBXTargetDependency */,
			);
			name = RecetteUITests;
			productName = RecetteUITests;
			productReference = 6F5E391C27C4CCDA005C5171 /* RecetteUITests.xctest */;
			productType = "com.apple.product-type.bundle.ui-testing";
		};
/* End PBXNativeTarget section */

/* Begin PBXProject section */
		6F5E38FA27C4CCD9005C5171 /* Project object */ = {
			isa = PBXProject;
			attributes = {
				BuildIndependentTargetsInParallel = 1;
				LastSwiftUpdateCheck = 1310;
				LastUpgradeCheck = 1310;
				TargetAttributes = {
					6F5E390127C4CCD9005C5171 = {
						CreatedOnToolsVersion = 13.1;
					};
					6F5E391127C4CCDA005C5171 = {
						CreatedOnToolsVersion = 13.1;
						TestTargetID = 6F5E390127C4CCD9005C5171;
					};
					6F5E391B27C4CCDA005C5171 = {
						CreatedOnToolsVersion = 13.1;
						TestTargetID = 6F5E390127C4CCD9005C5171;
					};
				};
			};
			buildConfigurationList = 6F5E38FD27C4CCD9005C5171 /* Build configuration list for PBXProject "Recette" */;
			compatibilityVersion = "Xcode 13.0";
			developmentRegion = en;
			hasScannedForEncodings = 0;
			knownRegions = (
				en,
				Base,
			);
			mainGroup = 6F5E38F927C4CCD9005C5171;
			packageReferences = (
				1023CE2127C52D9700520160 /* XCRemoteSwiftPackageReference "firebase-ios-sdk" */,
			);
			productRefGroup = 6F5E390327C4CCD9005C5171 /* Products */;
			projectDirPath = "";
			projectRoot = "";
			targets = (
				6F5E390127C4CCD9005C5171 /* Recette */,
				6F5E391127C4CCDA005C5171 /* RecetteTests */,
				6F5E391B27C4CCDA005C5171 /* RecetteUITests */,
			);
		};
/* End PBXProject section */

/* Begin PBXResourcesBuildPhase section */
		6F5E390027C4CCD9005C5171 /* Resources */ = {
			isa = PBXResourcesBuildPhase;
			buildActionMask = 2147483647;
			files = (
				6F5E390D27C4CCDA005C5171 /* Preview Assets.xcassets in Resources */,
				6F5E390A27C4CCDA005C5171 /* Assets.xcassets in Resources */,
				1023CE2027C52CEE00520160 /* GoogleService-Info.plist in Resources */,
			);
			runOnlyForDeploymentPostprocessing = 0;
		};
		6F5E391027C4CCDA005C5171 /* Resources */ = {
			isa = PBXResourcesBuildPhase;
			buildActionMask = 2147483647;
			files = (
			);
			runOnlyForDeploymentPostprocessing = 0;
		};
		6F5E391A27C4CCDA005C5171 /* Resources */ = {
			isa = PBXResourcesBuildPhase;
			buildActionMask = 2147483647;
			files = (
			);
			runOnlyForDeploymentPostprocessing = 0;
		};
/* End PBXResourcesBuildPhase section */

/* Begin PBXSourcesBuildPhase section */
		6F5E38FE27C4CCD9005C5171 /* Sources */ = {
			isa = PBXSourcesBuildPhase;
			buildActionMask = 2147483647;
			files = (
				10FE0A9027CE650700E8CC3A /* ListIngredient.swift in Sources */,
				6F5E393D27C4CDA9005C5171 /* CategorieIngredient.swift in Sources */,
				10FE0A8E27CE64EB00E8CC3A /* ListAllergene.swift in Sources */,
				6F5E393727C4CD81005C5171 /* Allergene.swift in Sources */,
				6F5E390827C4CCD9005C5171 /* ContentView.swift in Sources */,
				6F5E395027C4E3DC005C5171 /* ListeFicheViewModel.swift in Sources */,
				10FE0A9B27CE663C00E8CC3A /* AllergeneFormView.swift in Sources */,
				8DF9603527CEEAD00042E9DB /* ModificationFicheView.swift in Sources */,
				6F5E393B27C4CD9C005C5171 /* CategorieRecette.swift in Sources */,
				6F5E393927C4CD8C005C5171 /* Stock.swift in Sources */,
				1063CE3E27CE6BD2000E6A87 /* StockFormView.swift in Sources */,
				1063CE4227CE7880000E6A87 /* IngredientIntent.swift in Sources */,
				10FE0AAD27CE67DD00E8CC3A /* ListeIngredientViewModel.swift in Sources */,
				6F5E394727C4CDFA005C5171 /* IngredientViewModel.swift in Sources */,
				1063CE4027CE6BEA000E6A87 /* StockView.swift in Sources */,
				10D57C2627D2528A00BC39E1 /* Extension.swift in Sources */,
				10FE0AAB27CE67B200E8CC3A /* ListStockViewModel.swift in Sources */,
				6F5E395727C51105005C5171 /* RecetteCarte.swift in Sources */,
				10FE0A9D27CE665600E8CC3A /* IngredientFormView.swift in Sources */,
				6F5E393527C4CD75005C5171 /* Fiche.swift in Sources */,
				6F5E390627C4CCD9005C5171 /* RecetteApp.swift in Sources */,
				8DE33E6727D0384800AE4C74 /* LoginViewModel.swift in Sources */,
				6F5E394327C4CDD8005C5171 /* DetailFicheView.swift in Sources */,
				109C756627D2339000C62F76 /* IngredientCategorieView.swift in Sources */,
				6F5E394D27C4E33D005C5171 /* ListeFiche.swift in Sources */,
				6F5E394B27C4E30C005C5171 /* ListFicheView.swift in Sources */,
				10D57C2827D2568000BC39E1 /* VenteView.swift in Sources */,
				8D91591D27CE2161006D62A6 /* FicheDTO.swift in Sources */,
				109C756227D229EE00C62F76 /* CategorieHomeView.swift in Sources */,
				6FABFA8127C6570200DE6F3B /* HomeView.swift in Sources */,
				8D13F78527CD1305000276F1 /* AjoutFicheView.swift in Sources */,
				6F5E394527C4CDE9005C5171 /* FicheViewModel.swift in Sources */,
				6F5E395327C4E43D005C5171 /* FicheIntent.swift in Sources */,
				10F5E0BC27D135C60075B87E /* ModificationIngredientView.swift in Sources */,
				10FE0AA927CE678A00E8CC3A /* ListAllergeneViewModel.swift in Sources */,
				10FE0AA127CE66AD00E8CC3A /* ListAllergeneView.swift in Sources */,
				10FE0AA327CE66D200E8CC3A /* ListIngredientView.swift in Sources */,
				10FE0A9427CE656900E8CC3A /* StockIntent.swift in Sources */,
				10FE0A9F27CE667300E8CC3A /* IngredientView.swift in Sources */,
				6F5E393327C4CD6C005C5171 /* Ingredient.swift in Sources */,
				6FABFA7F27C625E600DE6F3B /* LoginView.swift in Sources */,
				10FE0A9227CE652900E8CC3A /* ListStock.swift in Sources */,
				1063CE3C27CE6BB2000E6A87 /* ListStockView.swift in Sources */,
				6FB47F0927CCD3570000CB42 /* BarrePlus.swift in Sources */,
				6F5E394927C4CE06005C5171 /* StockViewModel.swift in Sources */,
			);
			runOnlyForDeploymentPostprocessing = 0;
		};
		6F5E390E27C4CCDA005C5171 /* Sources */ = {
			isa = PBXSourcesBuildPhase;
			buildActionMask = 2147483647;
			files = (
				6F5E391727C4CCDA005C5171 /* RecetteTests.swift in Sources */,
			);
			runOnlyForDeploymentPostprocessing = 0;
		};
		6F5E391827C4CCDA005C5171 /* Sources */ = {
			isa = PBXSourcesBuildPhase;
			buildActionMask = 2147483647;
			files = (
				6F5E392127C4CCDA005C5171 /* RecetteUITests.swift in Sources */,
				6F5E392327C4CCDA005C5171 /* RecetteUITestsLaunchTests.swift in Sources */,
			);
			runOnlyForDeploymentPostprocessing = 0;
		};
/* End PBXSourcesBuildPhase section */

/* Begin PBXTargetDependency section */
		6F5E391427C4CCDA005C5171 /* PBXTargetDependency */ = {
			isa = PBXTargetDependency;
			target = 6F5E390127C4CCD9005C5171 /* Recette */;
			targetProxy = 6F5E391327C4CCDA005C5171 /* PBXContainerItemProxy */;
		};
		6F5E391E27C4CCDA005C5171 /* PBXTargetDependency */ = {
			isa = PBXTargetDependency;
			target = 6F5E390127C4CCD9005C5171 /* Recette */;
			targetProxy = 6F5E391D27C4CCDA005C5171 /* PBXContainerItemProxy */;
		};
/* End PBXTargetDependency section */

/* Begin XCBuildConfiguration section */
		6F5E392427C4CCDA005C5171 /* Debug */ = {
			isa = XCBuildConfiguration;
			buildSettings = {
				ALWAYS_SEARCH_USER_PATHS = NO;
				CLANG_ANALYZER_NONNULL = YES;
				CLANG_ANALYZER_NUMBER_OBJECT_CONVERSION = YES_AGGRESSIVE;
				CLANG_CXX_LANGUAGE_STANDARD = "gnu++17";
				CLANG_CXX_LIBRARY = "libc++";
				CLANG_ENABLE_MODULES = YES;
				CLANG_ENABLE_OBJC_ARC = YES;
				CLANG_ENABLE_OBJC_WEAK = YES;
				CLANG_WARN_BLOCK_CAPTURE_AUTORELEASING = YES;
				CLANG_WARN_BOOL_CONVERSION = YES;
				CLANG_WARN_COMMA = YES;
				CLANG_WARN_CONSTANT_CONVERSION = YES;
				CLANG_WARN_DEPRECATED_OBJC_IMPLEMENTATIONS = YES;
				CLANG_WARN_DIRECT_OBJC_ISA_USAGE = YES_ERROR;
				CLANG_WARN_DOCUMENTATION_COMMENTS = YES;
				CLANG_WARN_EMPTY_BODY = YES;
				CLANG_WARN_ENUM_CONVERSION = YES;
				CLANG_WARN_INFINITE_RECURSION = YES;
				CLANG_WARN_INT_CONVERSION = YES;
				CLANG_WARN_NON_LITERAL_NULL_CONVERSION = YES;
				CLANG_WARN_OBJC_IMPLICIT_RETAIN_SELF = YES;
				CLANG_WARN_OBJC_LITERAL_CONVERSION = YES;
				CLANG_WARN_OBJC_ROOT_CLASS = YES_ERROR;
				CLANG_WARN_QUOTED_INCLUDE_IN_FRAMEWORK_HEADER = YES;
				CLANG_WARN_RANGE_LOOP_ANALYSIS = YES;
				CLANG_WARN_STRICT_PROTOTYPES = YES;
				CLANG_WARN_SUSPICIOUS_MOVE = YES;
				CLANG_WARN_UNGUARDED_AVAILABILITY = YES_AGGRESSIVE;
				CLANG_WARN_UNREACHABLE_CODE = YES;
				CLANG_WARN__DUPLICATE_METHOD_MATCH = YES;
				COPY_PHASE_STRIP = NO;
				DEBUG_INFORMATION_FORMAT = dwarf;
				ENABLE_STRICT_OBJC_MSGSEND = YES;
				ENABLE_TESTABILITY = YES;
				GCC_C_LANGUAGE_STANDARD = gnu11;
				GCC_DYNAMIC_NO_PIC = NO;
				GCC_NO_COMMON_BLOCKS = YES;
				GCC_OPTIMIZATION_LEVEL = 0;
				GCC_PREPROCESSOR_DEFINITIONS = (
					"DEBUG=1",
					"$(inherited)",
				);
				GCC_WARN_64_TO_32_BIT_CONVERSION = YES;
				GCC_WARN_ABOUT_RETURN_TYPE = YES_ERROR;
				GCC_WARN_UNDECLARED_SELECTOR = YES;
				GCC_WARN_UNINITIALIZED_AUTOS = YES_AGGRESSIVE;
				GCC_WARN_UNUSED_FUNCTION = YES;
				GCC_WARN_UNUSED_VARIABLE = YES;
				IPHONEOS_DEPLOYMENT_TARGET = 15.0;
				MTL_ENABLE_DEBUG_INFO = INCLUDE_SOURCE;
				MTL_FAST_MATH = YES;
				ONLY_ACTIVE_ARCH = YES;
				SDKROOT = iphoneos;
				SWIFT_ACTIVE_COMPILATION_CONDITIONS = DEBUG;
				SWIFT_OPTIMIZATION_LEVEL = "-Onone";
			};
			name = Debug;
		};
		6F5E392527C4CCDA005C5171 /* Release */ = {
			isa = XCBuildConfiguration;
			buildSettings = {
				ALWAYS_SEARCH_USER_PATHS = NO;
				CLANG_ANALYZER_NONNULL = YES;
				CLANG_ANALYZER_NUMBER_OBJECT_CONVERSION = YES_AGGRESSIVE;
				CLANG_CXX_LANGUAGE_STANDARD = "gnu++17";
				CLANG_CXX_LIBRARY = "libc++";
				CLANG_ENABLE_MODULES = YES;
				CLANG_ENABLE_OBJC_ARC = YES;
				CLANG_ENABLE_OBJC_WEAK = YES;
				CLANG_WARN_BLOCK_CAPTURE_AUTORELEASING = YES;
				CLANG_WARN_BOOL_CONVERSION = YES;
				CLANG_WARN_COMMA = YES;
				CLANG_WARN_CONSTANT_CONVERSION = YES;
				CLANG_WARN_DEPRECATED_OBJC_IMPLEMENTATIONS = YES;
				CLANG_WARN_DIRECT_OBJC_ISA_USAGE = YES_ERROR;
				CLANG_WARN_DOCUMENTATION_COMMENTS = YES;
				CLANG_WARN_EMPTY_BODY = YES;
				CLANG_WARN_ENUM_CONVERSION = YES;
				CLANG_WARN_INFINITE_RECURSION = YES;
				CLANG_WARN_INT_CONVERSION = YES;
				CLANG_WARN_NON_LITERAL_NULL_CONVERSION = YES;
				CLANG_WARN_OBJC_IMPLICIT_RETAIN_SELF = YES;
				CLANG_WARN_OBJC_LITERAL_CONVERSION = YES;
				CLANG_WARN_OBJC_ROOT_CLASS = YES_ERROR;
				CLANG_WARN_QUOTED_INCLUDE_IN_FRAMEWORK_HEADER = YES;
				CLANG_WARN_RANGE_LOOP_ANALYSIS = YES;
				CLANG_WARN_STRICT_PROTOTYPES = YES;
				CLANG_WARN_SUSPICIOUS_MOVE = YES;
				CLANG_WARN_UNGUARDED_AVAILABILITY = YES_AGGRESSIVE;
				CLANG_WARN_UNREACHABLE_CODE = YES;
				CLANG_WARN__DUPLICATE_METHOD_MATCH = YES;
				COPY_PHASE_STRIP = NO;
				DEBUG_INFORMATION_FORMAT = "dwarf-with-dsym";
				ENABLE_NS_ASSERTIONS = NO;
				ENABLE_STRICT_OBJC_MSGSEND = YES;
				GCC_C_LANGUAGE_STANDARD = gnu11;
				GCC_NO_COMMON_BLOCKS = YES;
				GCC_WARN_64_TO_32_BIT_CONVERSION = YES;
				GCC_WARN_ABOUT_RETURN_TYPE = YES_ERROR;
				GCC_WARN_UNDECLARED_SELECTOR = YES;
				GCC_WARN_UNINITIALIZED_AUTOS = YES_AGGRESSIVE;
				GCC_WARN_UNUSED_FUNCTION = YES;
				GCC_WARN_UNUSED_VARIABLE = YES;
				IPHONEOS_DEPLOYMENT_TARGET = 15.0;
				MTL_ENABLE_DEBUG_INFO = NO;
				MTL_FAST_MATH = YES;
				SDKROOT = iphoneos;
				SWIFT_COMPILATION_MODE = wholemodule;
				SWIFT_OPTIMIZATION_LEVEL = "-O";
				VALIDATE_PRODUCT = YES;
			};
			name = Release;
		};
		6F5E392727C4CCDA005C5171 /* Debug */ = {
			isa = XCBuildConfiguration;
			buildSettings = {
				ASSETCATALOG_COMPILER_APPICON_NAME = AppIcon;
				ASSETCATALOG_COMPILER_GLOBAL_ACCENT_COLOR_NAME = AccentColor;
				CODE_SIGN_STYLE = Automatic;
				CURRENT_PROJECT_VERSION = 1;
				DEVELOPMENT_ASSET_PATHS = "\"Recette/Preview Content\"";
				DEVELOPMENT_TEAM = TK8Q5GH33P;
				ENABLE_PREVIEWS = YES;
				GENERATE_INFOPLIST_FILE = YES;
				INFOPLIST_KEY_UIApplicationSceneManifest_Generation = YES;
				INFOPLIST_KEY_UIApplicationSupportsIndirectInputEvents = YES;
				INFOPLIST_KEY_UILaunchScreen_Generation = YES;
				INFOPLIST_KEY_UISupportedInterfaceOrientations_iPad = "UIInterfaceOrientationPortrait UIInterfaceOrientationPortraitUpsideDown UIInterfaceOrientationLandscapeLeft UIInterfaceOrientationLandscapeRight";
				INFOPLIST_KEY_UISupportedInterfaceOrientations_iPhone = "UIInterfaceOrientationPortrait UIInterfaceOrientationLandscapeLeft UIInterfaceOrientationLandscapeRight";
				LD_RUNPATH_SEARCH_PATHS = (
					"$(inherited)",
					"@executable_path/Frameworks",
				);
				MARKETING_VERSION = 1.0;
				PRODUCT_BUNDLE_IDENTIFIER = Ouissem.Recette;
				PRODUCT_NAME = "$(TARGET_NAME)";
				SWIFT_EMIT_LOC_STRINGS = YES;
				SWIFT_VERSION = 5.0;
				TARGETED_DEVICE_FAMILY = "1,2";
			};
			name = Debug;
		};
		6F5E392827C4CCDA005C5171 /* Release */ = {
			isa = XCBuildConfiguration;
			buildSettings = {
				ASSETCATALOG_COMPILER_APPICON_NAME = AppIcon;
				ASSETCATALOG_COMPILER_GLOBAL_ACCENT_COLOR_NAME = AccentColor;
				CODE_SIGN_STYLE = Automatic;
				CURRENT_PROJECT_VERSION = 1;
				DEVELOPMENT_ASSET_PATHS = "\"Recette/Preview Content\"";
				DEVELOPMENT_TEAM = TK8Q5GH33P;
				ENABLE_PREVIEWS = YES;
				GENERATE_INFOPLIST_FILE = YES;
				INFOPLIST_KEY_UIApplicationSceneManifest_Generation = YES;
				INFOPLIST_KEY_UIApplicationSupportsIndirectInputEvents = YES;
				INFOPLIST_KEY_UILaunchScreen_Generation = YES;
				INFOPLIST_KEY_UISupportedInterfaceOrientations_iPad = "UIInterfaceOrientationPortrait UIInterfaceOrientationPortraitUpsideDown UIInterfaceOrientationLandscapeLeft UIInterfaceOrientationLandscapeRight";
				INFOPLIST_KEY_UISupportedInterfaceOrientations_iPhone = "UIInterfaceOrientationPortrait UIInterfaceOrientationLandscapeLeft UIInterfaceOrientationLandscapeRight";
				LD_RUNPATH_SEARCH_PATHS = (
					"$(inherited)",
					"@executable_path/Frameworks",
				);
				MARKETING_VERSION = 1.0;
				PRODUCT_BUNDLE_IDENTIFIER = Ouissem.Recette;
				PRODUCT_NAME = "$(TARGET_NAME)";
				SWIFT_EMIT_LOC_STRINGS = YES;
				SWIFT_VERSION = 5.0;
				TARGETED_DEVICE_FAMILY = "1,2";
			};
			name = Release;
		};
		6F5E392A27C4CCDA005C5171 /* Debug */ = {
			isa = XCBuildConfiguration;
			buildSettings = {
				ALWAYS_EMBED_SWIFT_STANDARD_LIBRARIES = YES;
				BUNDLE_LOADER = "$(TEST_HOST)";
				CODE_SIGN_STYLE = Automatic;
				CURRENT_PROJECT_VERSION = 1;
				DEVELOPMENT_TEAM = TK8Q5GH33P;
				GENERATE_INFOPLIST_FILE = YES;
				IPHONEOS_DEPLOYMENT_TARGET = 15.0;
				LD_RUNPATH_SEARCH_PATHS = (
					"$(inherited)",
					"@executable_path/Frameworks",
					"@loader_path/Frameworks",
				);
				MARKETING_VERSION = 1.0;
				PRODUCT_BUNDLE_IDENTIFIER = Ouissem.RecetteTests;
				PRODUCT_NAME = "$(TARGET_NAME)";
				SWIFT_EMIT_LOC_STRINGS = NO;
				SWIFT_VERSION = 5.0;
				TARGETED_DEVICE_FAMILY = "1,2";
				TEST_HOST = "$(BUILT_PRODUCTS_DIR)/Recette.app/Recette";
			};
			name = Debug;
		};
		6F5E392B27C4CCDA005C5171 /* Release */ = {
			isa = XCBuildConfiguration;
			buildSettings = {
				ALWAYS_EMBED_SWIFT_STANDARD_LIBRARIES = YES;
				BUNDLE_LOADER = "$(TEST_HOST)";
				CODE_SIGN_STYLE = Automatic;
				CURRENT_PROJECT_VERSION = 1;
				DEVELOPMENT_TEAM = TK8Q5GH33P;
				GENERATE_INFOPLIST_FILE = YES;
				IPHONEOS_DEPLOYMENT_TARGET = 15.0;
				LD_RUNPATH_SEARCH_PATHS = (
					"$(inherited)",
					"@executable_path/Frameworks",
					"@loader_path/Frameworks",
				);
				MARKETING_VERSION = 1.0;
				PRODUCT_BUNDLE_IDENTIFIER = Ouissem.RecetteTests;
				PRODUCT_NAME = "$(TARGET_NAME)";
				SWIFT_EMIT_LOC_STRINGS = NO;
				SWIFT_VERSION = 5.0;
				TARGETED_DEVICE_FAMILY = "1,2";
				TEST_HOST = "$(BUILT_PRODUCTS_DIR)/Recette.app/Recette";
			};
			name = Release;
		};
		6F5E392D27C4CCDA005C5171 /* Debug */ = {
			isa = XCBuildConfiguration;
			buildSettings = {
				ALWAYS_EMBED_SWIFT_STANDARD_LIBRARIES = YES;
				CODE_SIGN_STYLE = Automatic;
				CURRENT_PROJECT_VERSION = 1;
				DEVELOPMENT_TEAM = TK8Q5GH33P;
				GENERATE_INFOPLIST_FILE = YES;
				LD_RUNPATH_SEARCH_PATHS = (
					"$(inherited)",
					"@executable_path/Frameworks",
					"@loader_path/Frameworks",
				);
				MARKETING_VERSION = 1.0;
				PRODUCT_BUNDLE_IDENTIFIER = Ouissem.RecetteUITests;
				PRODUCT_NAME = "$(TARGET_NAME)";
				SWIFT_EMIT_LOC_STRINGS = NO;
				SWIFT_VERSION = 5.0;
				TARGETED_DEVICE_FAMILY = "1,2";
				TEST_TARGET_NAME = Recette;
			};
			name = Debug;
		};
		6F5E392E27C4CCDA005C5171 /* Release */ = {
			isa = XCBuildConfiguration;
			buildSettings = {
				ALWAYS_EMBED_SWIFT_STANDARD_LIBRARIES = YES;
				CODE_SIGN_STYLE = Automatic;
				CURRENT_PROJECT_VERSION = 1;
				DEVELOPMENT_TEAM = TK8Q5GH33P;
				GENERATE_INFOPLIST_FILE = YES;
				LD_RUNPATH_SEARCH_PATHS = (
					"$(inherited)",
					"@executable_path/Frameworks",
					"@loader_path/Frameworks",
				);
				MARKETING_VERSION = 1.0;
				PRODUCT_BUNDLE_IDENTIFIER = Ouissem.RecetteUITests;
				PRODUCT_NAME = "$(TARGET_NAME)";
				SWIFT_EMIT_LOC_STRINGS = NO;
				SWIFT_VERSION = 5.0;
				TARGETED_DEVICE_FAMILY = "1,2";
				TEST_TARGET_NAME = Recette;
			};
			name = Release;
		};
/* End XCBuildConfiguration section */

/* Begin XCConfigurationList section */
		6F5E38FD27C4CCD9005C5171 /* Build configuration list for PBXProject "Recette" */ = {
			isa = XCConfigurationList;
			buildConfigurations = (
				6F5E392427C4CCDA005C5171 /* Debug */,
				6F5E392527C4CCDA005C5171 /* Release */,
			);
			defaultConfigurationIsVisible = 0;
			defaultConfigurationName = Release;
		};
		6F5E392627C4CCDA005C5171 /* Build configuration list for PBXNativeTarget "Recette" */ = {
			isa = XCConfigurationList;
			buildConfigurations = (
				6F5E392727C4CCDA005C5171 /* Debug */,
				6F5E392827C4CCDA005C5171 /* Release */,
			);
			defaultConfigurationIsVisible = 0;
			defaultConfigurationName = Release;
		};
		6F5E392927C4CCDA005C5171 /* Build configuration list for PBXNativeTarget "RecetteTests" */ = {
			isa = XCConfigurationList;
			buildConfigurations = (
				6F5E392A27C4CCDA005C5171 /* Debug */,
				6F5E392B27C4CCDA005C5171 /* Release */,
			);
			defaultConfigurationIsVisible = 0;
			defaultConfigurationName = Release;
		};
		6F5E392C27C4CCDA005C5171 /* Build configuration list for PBXNativeTarget "RecetteUITests" */ = {
			isa = XCConfigurationList;
			buildConfigurations = (
				6F5E392D27C4CCDA005C5171 /* Debug */,
				6F5E392E27C4CCDA005C5171 /* Release */,
			);
			defaultConfigurationIsVisible = 0;
			defaultConfigurationName = Release;
		};
/* End XCConfigurationList section */

/* Begin XCRemoteSwiftPackageReference section */
		1023CE2127C52D9700520160 /* XCRemoteSwiftPackageReference "firebase-ios-sdk" */ = {
			isa = XCRemoteSwiftPackageReference;
			repositoryURL = "https://github.com/firebase/firebase-ios-sdk/";
			requirement = {
				branch = master;
				kind = branch;
			};
		};
/* End XCRemoteSwiftPackageReference section */

/* Begin XCSwiftPackageProductDependency section */
		1023CE2227C52D9700520160 /* FirebaseAuth */ = {
			isa = XCSwiftPackageProductDependency;
			package = 1023CE2127C52D9700520160 /* XCRemoteSwiftPackageReference "firebase-ios-sdk" */;
			productName = FirebaseAuth;
		};
		1023CE2427C52D9700520160 /* FirebaseFirestore */ = {
			isa = XCSwiftPackageProductDependency;
			package = 1023CE2127C52D9700520160 /* XCRemoteSwiftPackageReference "firebase-ios-sdk" */;
			productName = FirebaseFirestore;
		};
		1023CE2627C52D9700520160 /* FirebaseFirestoreSwift-Beta */ = {
			isa = XCSwiftPackageProductDependency;
			package = 1023CE2127C52D9700520160 /* XCRemoteSwiftPackageReference "firebase-ios-sdk" */;
			productName = "FirebaseFirestoreSwift-Beta";
		};
/* End XCSwiftPackageProductDependency section */
	};
	rootObject = 6F5E38FA27C4CCD9005C5171 /* Project object */;
}
